
Microsoft Visual Studio Solution File, Format Version 12.00
# Visual Studio Version 17
VisualStudioVersion = 17.14.36414.22 d17.14
MinimumVisualStudioVersion = 10.0.40219.1
Project("{FAE04EC0-301F-11D3-BF4B-00C04F79EFBC}") = "pryVillagraSP4", "pryVillagraSP4\pryVillagraSP4.csproj", "{B1BEA42C-ECB7-4281-B97F-12EE55A175D2}"
EndProject
Global
	GlobalSection(SolutionConfigurationPlatforms) = preSolution
		Debug|Any CPU = Debug|Any CPU
		Release|Any CPU = Release|Any CPU
	EndGlobalSection
	GlobalSection(ProjectConfigurationPlatforms) = postSolution
		{B1BEA42C-ECB7-4281-B97F-12EE55A175D2}.Debug|Any CPU.ActiveCfg = Debug|Any CPU
		{B1BEA42C-ECB7-4281-B97F-12EE55A175D2}.Debug|Any CPU.Build.0 = Debug|Any CPU
		{B1BEA42C-ECB7-4281-B97F-12EE55A175D2}.Release|Any CPU.ActiveCfg = Release|Any CPU
		{B1BEA42C-ECB7-4281-B97F-12EE55A175D2}.Release|Any CPU.Build.0 = Release|Any CPU
	EndGlobalSection
	GlobalSection(SolutionProperties) = preSolution
		HideSolutionNode = FALSE
	EndGlobalSection
	GlobalSection(ExtensibilityGlobals) = postSolution
		SolutionGuid = {611A3AAA-C659-420C-900E-9A1520B854A4}
	EndGlobalSection
EndGlobal
